
Microsoft Visual Studio Solution File, Format Version 12.00
# Visual Studio Version 17
VisualStudioVersion = 17.9.34728.123
MinimumVisualStudioVersion = 10.0.40219.1
Project("{9A19103F-16F7-4668-BE54-9A1E7A4F7556}") = "AnalisadoDeCodigo.Apresentacao", "AnalisadoDeCodigo.Apresentacao\AnalisadoDeCodigo.Apresentacao.csproj", "{4883AD4B-783C-44A5-9EAA-B4BD294E04AD}"
EndProject
Project("{9A19103F-16F7-4668-BE54-9A1E7A4F7556}") = "AnalisadorDeCodigo.API", "AnalisadorDeCodigo.API\AnalisadorDeCodigo.API.csproj", "{EF823F79-7BA0-42B5-BE65-15543F271C9F}"
EndProject
Project("{9A19103F-16F7-4668-BE54-9A1E7A4F7556}") = "AnalisadorDeCodigo.Infra", "AnalisadorDeCodigo.Infra\AnalisadorDeCodigo.Infra.csproj", "{6996222E-8C01-4E97-BB01-A2EAF3083576}"
EndProject
Global
	GlobalSection(SolutionConfigurationPlatforms) = preSolution
		Debug|Any CPU = Debug|Any CPU
		Release|Any CPU = Release|Any CPU
	EndGlobalSection
	GlobalSection(ProjectConfigurationPlatforms) = postSolution
		{4883AD4B-783C-44A5-9EAA-B4BD294E04AD}.Debug|Any CPU.ActiveCfg = Debug|Any CPU
		{4883AD4B-783C-44A5-9EAA-B4BD294E04AD}.Debug|Any CPU.Build.0 = Debug|Any CPU
		{4883AD4B-783C-44A5-9EAA-B4BD294E04AD}.Release|Any CPU.ActiveCfg = Release|Any CPU
		{4883AD4B-783C-44A5-9EAA-B4BD294E04AD}.Release|Any CPU.Build.0 = Release|Any CPU
		{EF823F79-7BA0-42B5-BE65-15543F271C9F}.Debug|Any CPU.ActiveCfg = Debug|Any CPU
		{EF823F79-7BA0-42B5-BE65-15543F271C9F}.Debug|Any CPU.Build.0 = Debug|Any CPU
		{EF823F79-7BA0-42B5-BE65-15543F271C9F}.Release|Any CPU.ActiveCfg = Release|Any CPU
		{EF823F79-7BA0-42B5-BE65-15543F271C9F}.Release|Any CPU.Build.0 = Release|Any CPU
		{6996222E-8C01-4E97-BB01-A2EAF3083576}.Debug|Any CPU.ActiveCfg = Debug|Any CPU
		{6996222E-8C01-4E97-BB01-A2EAF3083576}.Debug|Any CPU.Build.0 = Debug|Any CPU
		{6996222E-8C01-4E97-BB01-A2EAF3083576}.Release|Any CPU.ActiveCfg = Release|Any CPU
		{6996222E-8C01-4E97-BB01-A2EAF3083576}.Release|Any CPU.Build.0 = Release|Any CPU
	EndGlobalSection
	GlobalSection(SolutionProperties) = preSolution
		HideSolutionNode = FALSE
	EndGlobalSection
	GlobalSection(ExtensibilityGlobals) = postSolution
		SolutionGuid = {F499FBD2-A8FC-46DB-8E12-F9B3BEA410EE}
	EndGlobalSection
EndGlobal
